buf.build/gen/go/bufbuild/protovalidate/protocolbuffers/go v1.36.10-20250912141014-52f32327d4b0.1 h1:31on4W/yPcV4nZHL4+UCiCvLPsMqe/vJcNg8Rci0scc=
buf.build/gen/go/bufbuild/protovalidate/protocolbuffers/go v1.36.10-20250912141014-52f32327d4b0.1/go.mod h1:fUl8CEN/6ZAMk6bP8ahBJPUJw7rbp+j4x+wCcYi2IG4=
buf.build/go/protovalidate v1.0.0 h1:IAG1etULddAy93fiBsFVhpj7es5zL53AfB/79CVGtyY=
buf.build/go/protovalidate v1.0.0/go.mod h1:KQmEUrcQuC99hAw+juzOEAmILScQiKBP1Oc36vvCLW8=
cel.dev/expr v0.24.0 h1:56OvJKSH3hDGL0ml5uSxZmz3/3Pq4tJ+fb1unVLAFcY=
cel.dev/expr v0.24.0/go.mod h1:hLPLo1W4QUmuYdA72RBX06QTs6MXw941piREPl3Yfiw=
github.com/antlr4-go/antlr/v4 v4.13.1 h1:SqQKkuVZ+zWkMMNkjy5FZe5mr5WURWnlpmOuzYWrPrQ=
github.com/antlr4-go/antlr/v4 v4.13.1/go.mod h1:GKmUxMtwp6ZgGwZSva4eWPC5mS6vUAmOABFgjdkM7Nw=
github.com/cpuguy83/go-md2man/v2 v2.0.6/go.mod h1:oOW0eioCTA6cOiMLiUPZOpcVxMig6NIQQ7OS05n1F4g=
github.com/google/cel-go v0.26.1 h1:iPbVVEdkhTX++hpe3lzSk7D3G3QSYqLGoHOcEio+UXQ=
github.com/google/cel-go v0.26.1/go.mod h1:A9O8OU9rdvrK5MQyrqfIxo1a0u4g3sF8KB6PUIaryMM=
github.com/google/go-cmp v0.7.0 h1:wk8382ETsv4JYUZwIsn6YpYiWiBsYLSJiTsyBybVuN8=
github.com/google/go-cmp v0.7.0/go.mod h1:pXiqmnSA92OHEEa9HXL2W4E7lf9JzCmGVUdgjX3N/iU=
github.com/inconshreveable/mousetrap v1.1.0 h1:wN+x4NVGpMsO7ErUn/mUI3vEoE6Jt13X2s0bqwp9tc8=
github.com/inconshreveable/mousetrap v1.1.0/go.mod h1:vpF70FUmC8bwa3OWnCshd2FqLfsEA9PFc4w1p2J65bw=
github.com/russross/blackfriday/v2 v2.1.0/go.mod h1:+Rmxgy9KzJVeS9/2gXHxylqXiyQDYRxCVz55jmeOWTM=
github.com/spf13/cobra v1.10.1 h1:lJeBwCfmrnXthfAupyUTzJ/J4Nc1RsHC/mSRU2dll/s=
github.com/spf13/cobra v1.10.1/go.mod h1:7SmJGaTHFVBY0jW4NXGluQoLvhqFQM+6XSKD+P4XaB0=
github.com/spf13/pflag v1.0.9 h1:9exaQaMOCwffKiiiYk6/BndUBv+iRViNW+4lEMi0PvY=
github.com/spf13/pflag v1.0.9/go.mod h1:McXfInJRrz4CZXVZOBLb0bTZqETkiAhM9Iw0y3An2Bg=
github.com/stoewer/go-strcase v1.3.1 h1:iS0MdW+kVTxgMoE1LAZyMiYJFKlOzLooE4MxjirtkAs=
github.com/stoewer/go-strcase v1.3.1/go.mod h1:fAH5hQ5pehh+j3nZfvwdk2RgEgQjAoM8wodgtPmh1xo=
golang.org/x/exp v0.0.0-20250620022241-b7579e27df2b h1:M2rDM6z3Fhozi9O7NWsxAkg/yqS/lQJ6PmkyIV3YP+o=
golang.org/x/exp v0.0.0-20250620022241-b7579e27df2b/go.mod h1:3//PLf8L/X+8b4vuAfHzxeRUl04Adcb341+IGKfnqS8=
golang.org/x/text v0.29.0 h1:1neNs90w9YzJ9BocxfsQNHKuAT4pkghyXc4nhZ6sJvk=
golang.org/x/text v0.29.0/go.mod h1:7MhJOA9CD2qZyOKYazxdYMF85OwPdEr9jTtBpO7ydH4=
google.golang.org/genproto/googleapis/api v0.0.0-20250603155806-513f23925822 h1:oWVWY3NzT7KJppx2UKhKmzPq4SRe0LdCijVRwvGeikY=
google.golang.org/genproto/googleapis/api v0.0.0-20250603155806-513f23925822/go.mod h1:h3c4v36UTKzUiuaOKQ6gr3S+0hovBtUrXzTG/i3+XEc=
google.golang.org/genproto/googleapis/rpc v0.0.0-20250603155806-513f23925822 h1:fc6jSaCT0vBduLYZHYrBBNY4dsWuvgyff9noRNDdBeE=
google.golang.org/genproto/googleapis/rpc v0.0.0-20250603155806-513f23925822/go.mod h1:qQ0YXyHHx3XkvlzUtpXDkS29lDSafHMZBAZDc03LQ3A=
google.golang.org/protobuf v1.36.10 h1:AYd7cD/uASjIL6Q9LiTjz8JLcrh/88q5UObnmY3aOOE=
google.golang.org/protobuf v1.36.10/go.mod h1:HTf+CrKn2C3g5S8VImy6tdcUvCska2kB7j23XfzDpco=
gopkg.in/check.v1 v0.0.0-20161208181325-20d25e280405/go.mod h1:Co6ibVJAznAaIkqp8huTwlJQCZ016jof/cbN4VW5Yz0=
gopkg.in/yaml.v3 v3.0.1/go.mod h1:K4uyk7z7BCEPqu6E+C64Yfv1cQ7kz7rIZviUmN+EgEM=
